
Microsoft Visual Studio Solution File, Format Version 12.00
# Visual Studio 15
VisualStudioVersion = 15.0.27130.2020
MinimumVisualStudioVersion = 10.0.40219.1
Project("{8BC9CEB8-8B4A-11D0-8D11-00A0C91BC942}") = "xb2voice", "xb2voice.vcxproj", "{632AA952-0CFD-356F-AA9A-ACA89E111B11}"
EndProject
Global
	GlobalSection(SolutionConfigurationPlatforms) = preSolution
		Debug|x64 = Debug|x64
		Debug|x86 = Debug|x86
		Release|x64 = Release|x64
		Release|x86 = Release|x86
	EndGlobalSection
	GlobalSection(ProjectConfigurationPlatforms) = postSolution
		{632AA952-0CFD-356F-AA9A-ACA89E111B11}.Debug|x64.ActiveCfg = Debug|x64
		{632AA952-0CFD-356F-AA9A-ACA89E111B11}.Debug|x64.Build.0 = Debug|x64
		{632AA952-0CFD-356F-AA9A-ACA89E111B11}.Debug|x86.ActiveCfg = Debug|Win32
		{632AA952-0CFD-356F-AA9A-ACA89E111B11}.Debug|x86.Build.0 = Debug|Win32
		{632AA952-0CFD-356F-AA9A-ACA89E111B11}.Release|x64.ActiveCfg = Release|x64
		{632AA952-0CFD-356F-AA9A-ACA89E111B11}.Release|x64.Build.0 = Release|x64
		{632AA952-0CFD-356F-AA9A-ACA89E111B11}.Release|x86.ActiveCfg = Release|Win32
		{632AA952-0CFD-356F-AA9A-ACA89E111B11}.Release|x86.Build.0 = Release|Win32
	EndGlobalSection
	GlobalSection(SolutionProperties) = preSolution
		HideSolutionNode = FALSE
	EndGlobalSection
	GlobalSection(ExtensibilityGlobals) = postSolution
		Qt5Version = msvc2015
		SolutionGuid = {E17E3E64-2180-46FC-8D5C-D67AB0F66A75}
	EndGlobalSection
EndGlobal
