<?xml version="1.0" encoding="utf-8"?>
<Project xmlns="http://schemas.microsoft.com/developer/msbuild/2003">
  <ItemGroup>
    <Filter Include="Form Files">
      <UniqueIdentifier>{99349809-55BA-4b9d-BF79-8FDBB0286EB3}</UniqueIdentifier>
      <Extensions>ui</Extensions>
      <ParseFiles>false</ParseFiles>
    </Filter>
    <Filter Include="Form Files">
      <UniqueIdentifier>{99349809-55BA-4b9d-BF79-8FDBB0286EB3}</UniqueIdentifier>
      <Extensions>ui</Extensions>
      <ParseFiles>false</ParseFiles>
    </Filter>
    <Filter Include="Generated Files">
      <UniqueIdentifier>{71ED8ED8-ACB9-4CE9-BBE1-E00B30144E11}</UniqueIdentifier>
      <Extensions>cpp;c;cxx;moc;h;def;odl;idl;res;</Extensions>
    </Filter>
    <Filter Include="Generated Files">
      <UniqueIdentifier>{71ED8ED8-ACB9-4CE9-BBE1-E00B30144E11}</UniqueIdentifier>
      <Extensions>cpp;c;cxx;moc;h;def;odl;idl;res;</Extensions>
    </Filter>
    <Filter Include="Header Files">
      <UniqueIdentifier>{93995380-89BD-4b04-88EB-625FBE52EBFB}</UniqueIdentifier>
      <Extensions>h;hpp;hxx;hm;inl;inc;xsd</Extensions>
    </Filter>
    <Filter Include="Header Files">
      <UniqueIdentifier>{93995380-89BD-4b04-88EB-625FBE52EBFB}</UniqueIdentifier>
      <Extensions>h;hpp;hxx;hm;inl;inc;xsd</Extensions>
    </Filter>
    <Filter Include="Source Files">
      <UniqueIdentifier>{4FC737F1-C7A5-4376-A066-2A32D752A2FF}</UniqueIdentifier>
      <Extensions>cpp;c;cxx;def;odl;idl;hpj;bat;asm;asmx</Extensions>
    </Filter>
    <Filter Include="Source Files">
      <UniqueIdentifier>{4FC737F1-C7A5-4376-A066-2A32D752A2FF}</UniqueIdentifier>
      <Extensions>cpp;c;cxx;def;odl;idl;hpj;bat;asm;asmx</Extensions>
    </Filter>
    <Filter Include="Resource Files">
      <UniqueIdentifier>{D9D6E242-F8AF-46E4-B9FD-80ECBC20BA3E}</UniqueIdentifier>
      <Extensions>qrc;*</Extensions>
      <ParseFiles>false</ParseFiles>
    </Filter>
  </ItemGroup>
  <ItemGroup>
    <ClCompile Include="main.cpp">
      <Filter>Source Files</Filter>
    </ClCompile>
    <ClCompile Include="playlist.cpp">
      <Filter>Source Files</Filter>
    </ClCompile>
    <ClCompile Include="track.cpp">
      <Filter>Source Files</Filter>
    </ClCompile>
    <ClCompile Include="cglobal.cpp">
      <Filter>Source Files</Filter>
    </ClCompile>
    <ClCompile Include="frametitlebar.cpp">
      <Filter>Source Files</Filter>
    </ClCompile>
    <ClCompile Include="mainwindow.cpp">
      <Filter>Source Files</Filter>
    </ClCompile>
  </ItemGroup>
  <ItemGroup>
    <QtMoc Include="mainwindow.h">
      <Filter>Header Files</Filter>
    </QtMoc>
    <ClInclude Include="playlist.h">
      <Filter>Header Files</Filter>
    </ClInclude>
    <ClInclude Include="track.h">
      <Filter>Header Files</Filter>
    </ClInclude>
    <ClInclude Include="utils.h">
      <Filter>Header Files</Filter>
    </ClInclude>
  </ItemGroup>
  <ItemGroup>
    <CustomBuild Include="debug\moc_predefs.h.cbt">
      <Filter>Generated Files</Filter>
    </CustomBuild>
    <CustomBuild Include="release\moc_predefs.h.cbt">
      <Filter>Generated Files</Filter>
    </CustomBuild>
  </ItemGroup>
  <ItemGroup>
    <QtUic Include="mainwindow.ui">
      <Filter>Form Files</Filter>
    </QtUic>
  </ItemGroup>
  <ItemGroup>
    <ClInclude Include="cglobal.h">
      <Filter>Header Files</Filter>
    </ClInclude>
    <ClInclude Include="frametitlebar.h">
      <Filter>Header Files</Filter>
    </ClInclude>
    <ClInclude Include="GeneratedFiles\ui_mainwindow.h">
      <Filter>Generated Files</Filter>
    </ClInclude>
    <ClInclude Include="resource.h">
      <Filter>Generated Files</Filter>
    </ClInclude>
  </ItemGroup>
  <ItemGroup>
    <ResourceCompile Include="xb2voice.rc" />
  </ItemGroup>
  <ItemGroup>
    <Image Include="assets\icon\icon.ico" />
    <Image Include="assets\icon\add_bottom.png">
      <Filter>Resource Files</Filter>
    </Image>
    <Image Include="assets\icon\add_left.png">
      <Filter>Resource Files</Filter>
    </Image>
    <Image Include="assets\icon\add_right.png">
      <Filter>Resource Files</Filter>
    </Image>
    <Image Include="assets\icon\add_top.png">
      <Filter>Resource Files</Filter>
    </Image>
    <Image Include="assets\icon\branch_close.png">
      <Filter>Resource Files</Filter>
    </Image>
    <Image Include="assets\icon\branch_open.png">
      <Filter>Resource Files</Filter>
    </Image>
    <Image Include="assets\icon\calendar_nextmonth.png">
      <Filter>Resource Files</Filter>
    </Image>
    <Image Include="assets\icon\calendar_prevmonth.png">
      <Filter>Resource Files</Filter>
    </Image>
    <Image Include="assets\icon\checkbox_checked.png">
      <Filter>Resource Files</Filter>
    </Image>
    <Image Include="assets\icon\checkbox_checked_disable.png">
      <Filter>Resource Files</Filter>
    </Image>
    <Image Include="assets\icon\checkbox_parcial.png">
      <Filter>Resource Files</Filter>
    </Image>
    <Image Include="assets\icon\checkbox_parcial_disable.png">
      <Filter>Resource Files</Filter>
    </Image>
    <Image Include="assets\icon\checkbox_unchecked.png">
      <Filter>Resource Files</Filter>
    </Image>
    <Image Include="assets\icon\checkbox_unchecked_disable.png">
      <Filter>Resource Files</Filter>
    </Image>
    <Image Include="assets\icon\close.png">
      <Filter>Resource Files</Filter>
    </Image>
    <Image Include="assets\icon\icon.png">
      <Filter>Resource Files</Filter>
    </Image>
    <Image Include="assets\icon\minus.png">
      <Filter>Resource Files</Filter>
    </Image>
    <Image Include="assets\icon\mute.png">
      <Filter>Resource Files</Filter>
    </Image>
    <Image Include="assets\icon\next.png">
      <Filter>Resource Files</Filter>
    </Image>
    <Image Include="assets\icon\pause.png">
      <Filter>Resource Files</Filter>
    </Image>
    <Image Include="assets\icon\play.png">
      <Filter>Resource Files</Filter>
    </Image>
    <Image Include="assets\icon\previous.png">
      <Filter>Resource Files</Filter>
    </Image>
    <Image Include="assets\icon\radiobutton_checked.png">
      <Filter>Resource Files</Filter>
    </Image>
    <Image Include="assets\icon\radiobutton_checked_disable.png">
      <Filter>Resource Files</Filter>
    </Image>
    <Image Include="assets\icon\radiobutton_unchecked.png">
      <Filter>Resource Files</Filter>
    </Image>
    <Image Include="assets\icon\radiobutton_unchecked_disable.png">
      <Filter>Resource Files</Filter>
    </Image>
    <Image Include="assets\icon\reorder.png">
      <Filter>Resource Files</Filter>
    </Image>
    <Image Include="assets\icon\repeat.png">
      <Filter>Resource Files</Filter>
    </Image>
    <Image Include="assets\icon\repeat_one.png">
      <Filter>Resource Files</Filter>
    </Image>
    <Image Include="assets\icon\volume.png">
      <Filter>Resource Files</Filter>
    </Image>
  </ItemGroup>
  <ItemGroup>
    <QtRcc Include="icon.qrc">
      <Filter>Form Files</Filter>
    </QtRcc>
  </ItemGroup>
</Project>